// !$*UTF8*$!
{
	archiveVersion = 1;
	classes = {
	};
	objectVersion = 46;
	objects = {

/* Begin PBXBuildFile section */
		089A0C891E5B3898009A94EE /* AppDelegate.swift in Sources */ = {isa = PBXBuildFile; fileRef = 089A0C881E5B3898009A94EE /* AppDelegate.swift */; };
		089A0C911E5B3898009A94EE /* grability.xcdatamodeld in Sources */ = {isa = PBXBuildFile; fileRef = 089A0C8F1E5B3898009A94EE /* grability.xcdatamodeld */; };
		089A0C931E5B3898009A94EE /* Assets.xcassets in Resources */ = {isa = PBXBuildFile; fileRef = 089A0C921E5B3898009A94EE /* Assets.xcassets */; };
		089A0C961E5B3898009A94EE /* LaunchScreen.storyboard in Resources */ = {isa = PBXBuildFile; fileRef = 089A0C941E5B3898009A94EE /* LaunchScreen.storyboard */; };
		089A0CB71E5B446C009A94EE /* iPhoneListVC.swift in Sources */ = {isa = PBXBuildFile; fileRef = 089A0CB51E5B446C009A94EE /* iPhoneListVC.swift */; };
		089A0CB81E5B446C009A94EE /* iPhoneListVC.xib in Resources */ = {isa = PBXBuildFile; fileRef = 089A0CB61E5B446C009A94EE /* iPhoneListVC.xib */; };
		089A0CBD1E5B44C3009A94EE /* iPadCellVC.swift in Sources */ = {isa = PBXBuildFile; fileRef = 089A0CBB1E5B44C3009A94EE /* iPadCellVC.swift */; };
		089A0CBE1E5B44C3009A94EE /* iPadCellVC.xib in Resources */ = {isa = PBXBuildFile; fileRef = 089A0CBC1E5B44C3009A94EE /* iPadCellVC.xib */; };
		089A0CC01E5B482B009A94EE /* FeedData.swift in Sources */ = {isa = PBXBuildFile; fileRef = 089A0CBF1E5B482B009A94EE /* FeedData.swift */; };
		089A0CC21E5B4842009A94EE /* Default-568h@2x.png in Resources */ = {isa = PBXBuildFile; fileRef = 089A0CC11E5B4842009A94EE /* Default-568h@2x.png */; };
		089A0CC41E5B4EAE009A94EE /* Entry.swift in Sources */ = {isa = PBXBuildFile; fileRef = 089A0CC31E5B4EAE009A94EE /* Entry.swift */; };
		089A0CC61E5C948F009A94EE /* Reachability.swift in Sources */ = {isa = PBXBuildFile; fileRef = 089A0CC51E5C948F009A94EE /* Reachability.swift */; };
		089A0CC81E5C9554009A94EE /* generalMethods.swift in Sources */ = {isa = PBXBuildFile; fileRef = 089A0CC71E5C9554009A94EE /* generalMethods.swift */; };
		089A0CCB1E5C9EE4009A94EE /* IpadCellCollectionViewCell.swift in Sources */ = {isa = PBXBuildFile; fileRef = 089A0CC91E5C9EE4009A94EE /* IpadCellCollectionViewCell.swift */; };
		089A0CCC1E5C9EE4009A94EE /* IpadCellCollectionViewCell.xib in Resources */ = {isa = PBXBuildFile; fileRef = 089A0CCA1E5C9EE4009A94EE /* IpadCellCollectionViewCell.xib */; };
		089A0CCF1E5CBF9E009A94EE /* iPadDetailVC.swift in Sources */ = {isa = PBXBuildFile; fileRef = 089A0CCD1E5CBF9E009A94EE /* iPadDetailVC.swift */; };
		089A0CD01E5CBF9E009A94EE /* iPadDetailVC.xib in Resources */ = {isa = PBXBuildFile; fileRef = 089A0CCE1E5CBF9E009A94EE /* iPadDetailVC.xib */; };
		089A0CD51E5D01C6009A94EE /* iPhoneTableViewCell.swift in Sources */ = {isa = PBXBuildFile; fileRef = 089A0CD31E5D01C6009A94EE /* iPhoneTableViewCell.swift */; };
		089A0CD61E5D01C6009A94EE /* iPhoneTableViewCell.xib in Resources */ = {isa = PBXBuildFile; fileRef = 089A0CD41E5D01C6009A94EE /* iPhoneTableViewCell.xib */; };
		7E55A3CE9265317F433D1FB1 /* Pods_grability.framework in Frameworks */ = {isa = PBXBuildFile; fileRef = 41B5B7E2751A173457A5CF07 /* Pods_grability.framework */; };
/* End PBXBuildFile section */

/* Begin PBXFileReference section */
		089A0C851E5B3898009A94EE /* grability.app */ = {isa = PBXFileReference; explicitFileType = wrapper.application; includeInIndex = 0; path = grability.app; sourceTree = BUILT_PRODUCTS_DIR; };
		089A0C881E5B3898009A94EE /* AppDelegate.swift */ = {isa = PBXFileReference; lastKnownFileType = sourcecode.swift; path = AppDelegate.swift; sourceTree = "<group>"; };
		089A0C901E5B3898009A94EE /* grability.xcdatamodel */ = {isa = PBXFileReference; lastKnownFileType = wrapper.xcdatamodel; path = grability.xcdatamodel; sourceTree = "<group>"; };
		089A0C921E5B3898009A94EE /* Assets.xcassets */ = {isa = PBXFileReference; lastKnownFileType = folder.assetcatalog; path = Assets.xcassets; sourceTree = "<group>"; };
		089A0C951E5B3898009A94EE /* Base */ = {isa = PBXFileReference; lastKnownFileType = file.storyboard; name = Base; path = Base.lproj/LaunchScreen.storyboard; sourceTree = "<group>"; };
		089A0C971E5B3898009A94EE /* Info.plist */ = {isa = PBXFileReference; lastKnownFileType = text.plist.xml; path = Info.plist; sourceTree = "<group>"; };
		089A0CB51E5B446C009A94EE /* iPhoneListVC.swift */ = {isa = PBXFileReference; fileEncoding = 4; lastKnownFileType = sourcecode.swift; name = iPhoneListVC.swift; path = iPhoneViews/iPhoneListVC.swift; sourceTree = "<group>"; };
		089A0CB61E5B446C009A94EE /* iPhoneListVC.xib */ = {isa = PBXFileReference; fileEncoding = 4; lastKnownFileType = file.xib; name = iPhoneListVC.xib; path = iPhoneViews/iPhoneListVC.xib; sourceTree = "<group>"; };
		089A0CBB1E5B44C3009A94EE /* iPadCellVC.swift */ = {isa = PBXFileReference; fileEncoding = 4; lastKnownFileType = sourcecode.swift; name = iPadCellVC.swift; path = iPadViews/iPadCellVC.swift; sourceTree = "<group>"; };
		089A0CBC1E5B44C3009A94EE /* iPadCellVC.xib */ = {isa = PBXFileReference; fileEncoding = 4; lastKnownFileType = file.xib; name = iPadCellVC.xib; path = iPadViews/iPadCellVC.xib; sourceTree = "<group>"; };
		089A0CBF1E5B482B009A94EE /* FeedData.swift */ = {isa = PBXFileReference; fileEncoding = 4; lastKnownFileType = sourcecode.swift; name = FeedData.swift; path = Helpers/FeedData.swift; sourceTree = "<group>"; };
		089A0CC11E5B4842009A94EE /* Default-568h@2x.png */ = {isa = PBXFileReference; lastKnownFileType = image.png; name = "Default-568h@2x.png"; path = "../Default-568h@2x.png"; sourceTree = "<group>"; };
		089A0CC31E5B4EAE009A94EE /* Entry.swift */ = {isa = PBXFileReference; fileEncoding = 4; lastKnownFileType = sourcecode.swift; name = Entry.swift; path = Models/Entry.swift; sourceTree = "<group>"; };
		089A0CC51E5C948F009A94EE /* Reachability.swift */ = {isa = PBXFileReference; fileEncoding = 4; lastKnownFileType = sourcecode.swift; name = Reachability.swift; path = Helpers/Reachability.swift; sourceTree = "<group>"; };
		089A0CC71E5C9554009A94EE /* generalMethods.swift */ = {isa = PBXFileReference; fileEncoding = 4; lastKnownFileType = sourcecode.swift; name = generalMethods.swift; path = Helpers/generalMethods.swift; sourceTree = "<group>"; };
		089A0CC91E5C9EE4009A94EE /* IpadCellCollectionViewCell.swift */ = {isa = PBXFileReference; fileEncoding = 4; lastKnownFileType = sourcecode.swift; name = IpadCellCollectionViewCell.swift; path = iPadViews/IpadCellCollectionViewCell.swift; sourceTree = "<group>"; };
		089A0CCA1E5C9EE4009A94EE /* IpadCellCollectionViewCell.xib */ = {isa = PBXFileReference; fileEncoding = 4; lastKnownFileType = file.xib; name = IpadCellCollectionViewCell.xib; path = iPadViews/IpadCellCollectionViewCell.xib; sourceTree = "<group>"; };
		089A0CCD1E5CBF9E009A94EE /* iPadDetailVC.swift */ = {isa = PBXFileReference; fileEncoding = 4; lastKnownFileType = sourcecode.swift; name = iPadDetailVC.swift; path = iPadViews/iPadDetailVC.swift; sourceTree = "<group>"; };
		089A0CCE1E5CBF9E009A94EE /* iPadDetailVC.xib */ = {isa = PBXFileReference; fileEncoding = 4; lastKnownFileType = file.xib; name = iPadDetailVC.xib; path = iPadViews/iPadDetailVC.xib; sourceTree = "<group>"; };
		089A0CD31E5D01C6009A94EE /* iPhoneTableViewCell.swift */ = {isa = PBXFileReference; fileEncoding = 4; lastKnownFileType = sourcecode.swift; name = iPhoneTableViewCell.swift; path = iPhoneViews/iPhoneTableViewCell.swift; sourceTree = "<group>"; };
		089A0CD41E5D01C6009A94EE /* iPhoneTableViewCell.xib */ = {isa = PBXFileReference; fileEncoding = 4; lastKnownFileType = file.xib; name = iPhoneTableViewCell.xib; path = iPhoneViews/iPhoneTableViewCell.xib; sourceTree = "<group>"; };
		2D6AEEF9E6E62025D6AAEF51 /* Pods-grability.debug.xcconfig */ = {isa = PBXFileReference; includeInIndex = 1; lastKnownFileType = text.xcconfig; name = "Pods-grability.debug.xcconfig"; path = "Pods/Target Support Files/Pods-grability/Pods-grability.debug.xcconfig"; sourceTree = "<group>"; };
		41B5B7E2751A173457A5CF07 /* Pods_grability.framework */ = {isa = PBXFileReference; explicitFileType = wrapper.framework; includeInIndex = 0; path = Pods_grability.framework; sourceTree = BUILT_PRODUCTS_DIR; };
		CE82F75C798FD6DD3B3A61A3 /* Pods-grability.release.xcconfig */ = {isa = PBXFileReference; includeInIndex = 1; lastKnownFileType = text.xcconfig; name = "Pods-grability.release.xcconfig"; path = "Pods/Target Support Files/Pods-grability/Pods-grability.release.xcconfig"; sourceTree = "<group>"; };
/* End PBXFileReference section */

/* Begin PBXFrameworksBuildPhase section */
		089A0C821E5B3898009A94EE /* Frameworks */ = {
			isa = PBXFrameworksBuildPhase;
			buildActionMask = 2147483647;
			files = (
				7E55A3CE9265317F433D1FB1 /* Pods_grability.framework in Frameworks */,
			);
			runOnlyForDeploymentPostprocessing = 0;
		};
/* End PBXFrameworksBuildPhase section */

/* Begin PBXGroup section */
		089A0C7C1E5B3898009A94EE = {
			isa = PBXGroup;
			children = (
				089A0C871E5B3898009A94EE /* grability */,
				089A0C861E5B3898009A94EE /* Products */,
				D366C1DFE5CDC2DCE0451EAA /* Pods */,
				16E25481043A29FC6A31F7DC /* Frameworks */,
			);
			sourceTree = "<group>";
		};
		089A0C861E5B3898009A94EE /* Products */ = {
			isa = PBXGroup;
			children = (
				089A0C851E5B3898009A94EE /* grability.app */,
			);
			name = Products;
			sourceTree = "<group>";
		};
		089A0C871E5B3898009A94EE /* grability */ = {
			isa = PBXGroup;
			children = (
				089A0CB21E5B439D009A94EE /* AppDelegate */,
				089A0CB11E5B4396009A94EE /* Others */,
				089A0CB01E5B4389009A94EE /* Views */,
				089A0C9F1E5B3CE7009A94EE /* Helpers */,
				089A0C9E1E5B3CDD009A94EE /* Models */,
				089A0C9D1E5B3CD5009A94EE /* ViewControllers */,
			);
			path = grability;
			sourceTree = "<group>";
		};
		089A0C9D1E5B3CD5009A94EE /* ViewControllers */ = {
			isa = PBXGroup;
			children = (
				089A0CBA1E5B44A1009A94EE /* iPadVC */,
				089A0CB31E5B4420009A94EE /* iPhoneVC */,
			);
			name = ViewControllers;
			sourceTree = "<group>";
		};
		089A0C9E1E5B3CDD009A94EE /* Models */ = {
			isa = PBXGroup;
			children = (
				089A0CC31E5B4EAE009A94EE /* Entry.swift */,
			);
			name = Models;
			sourceTree = "<group>";
		};
		089A0C9F1E5B3CE7009A94EE /* Helpers */ = {
			isa = PBXGroup;
			children = (
				089A0CC51E5C948F009A94EE /* Reachability.swift */,
				089A0CBF1E5B482B009A94EE /* FeedData.swift */,
				089A0CC71E5C9554009A94EE /* generalMethods.swift */,
			);
			name = Helpers;
			sourceTree = "<group>";
		};
		089A0CB01E5B4389009A94EE /* Views */ = {
			isa = PBXGroup;
			children = (
				089A0CB91E5B448E009A94EE /* iPadViews */,
				089A0CB41E5B442E009A94EE /* iPhoneViews */,
			);
			name = Views;
			sourceTree = "<group>";
		};
		089A0CB11E5B4396009A94EE /* Others */ = {
			isa = PBXGroup;
			children = (
				089A0C921E5B3898009A94EE /* Assets.xcassets */,
				089A0C941E5B3898009A94EE /* LaunchScreen.storyboard */,
				089A0C971E5B3898009A94EE /* Info.plist */,
				089A0C8F1E5B3898009A94EE /* grability.xcdatamodeld */,
				089A0CC11E5B4842009A94EE /* Default-568h@2x.png */,
			);
			name = Others;
			sourceTree = "<group>";
		};
		089A0CB21E5B439D009A94EE /* AppDelegate */ = {
			isa = PBXGroup;
			children = (
				089A0C881E5B3898009A94EE /* AppDelegate.swift */,
			);
			name = AppDelegate;
			sourceTree = "<group>";
		};
		089A0CB31E5B4420009A94EE /* iPhoneVC */ = {
			isa = PBXGroup;
			children = (
				089A0CD31E5D01C6009A94EE /* iPhoneTableViewCell.swift */,
				089A0CB51E5B446C009A94EE /* iPhoneListVC.swift */,
			);
			name = iPhoneVC;
			sourceTree = "<group>";
		};
		089A0CB41E5B442E009A94EE /* iPhoneViews */ = {
			isa = PBXGroup;
			children = (
				089A0CB61E5B446C009A94EE /* iPhoneListVC.xib */,
				089A0CD41E5D01C6009A94EE /* iPhoneTableViewCell.xib */,
			);
			name = iPhoneViews;
			sourceTree = "<group>";
		};
		089A0CB91E5B448E009A94EE /* iPadViews */ = {
			isa = PBXGroup;
			children = (
				089A0CCA1E5C9EE4009A94EE /* IpadCellCollectionViewCell.xib */,
				089A0CBC1E5B44C3009A94EE /* iPadCellVC.xib */,
				089A0CCE1E5CBF9E009A94EE /* iPadDetailVC.xib */,
			);
			name = iPadViews;
			sourceTree = "<group>";
		};
		089A0CBA1E5B44A1009A94EE /* iPadVC */ = {
			isa = PBXGroup;
			children = (
				089A0CCD1E5CBF9E009A94EE /* iPadDetailVC.swift */,
				089A0CBB1E5B44C3009A94EE /* iPadCellVC.swift */,
				089A0CC91E5C9EE4009A94EE /* IpadCellCollectionViewCell.swift */,
			);
			name = iPadVC;
			sourceTree = "<group>";
		};
		16E25481043A29FC6A31F7DC /* Frameworks */ = {
			isa = PBXGroup;
			children = (
				41B5B7E2751A173457A5CF07 /* Pods_grability.framework */,
			);
			name = Frameworks;
			sourceTree = "<group>";
		};
		D366C1DFE5CDC2DCE0451EAA /* Pods */ = {
			isa = PBXGroup;
			children = (
				2D6AEEF9E6E62025D6AAEF51 /* Pods-grability.debug.xcconfig */,
				CE82F75C798FD6DD3B3A61A3 /* Pods-grability.release.xcconfig */,
			);
			name = Pods;
			sourceTree = "<group>";
		};
/* End PBXGroup section */

/* Begin PBXNativeTarget section */
		089A0C841E5B3898009A94EE /* grability */ = {
			isa = PBXNativeTarget;
			buildConfigurationList = 089A0C9A1E5B3898009A94EE /* Build configuration list for PBXNativeTarget "grability" */;
			buildPhases = (
				CD6B6A0BBA484CEC6D06C1DE /* [CP] Check Pods Manifest.lock */,
				089A0C811E5B3898009A94EE /* Sources */,
				089A0C821E5B3898009A94EE /* Frameworks */,
				089A0C831E5B3898009A94EE /* Resources */,
				AD925D945ECD4BAA8334FBED /* [CP] Embed Pods Frameworks */,
				E5079CD528BEDD2B2736E5C1 /* [CP] Copy Pods Resources */,
			);
			buildRules = (
			);
			dependencies = (
			);
			name = grability;
			productName = grability;
			productReference = 089A0C851E5B3898009A94EE /* grability.app */;
			productType = "com.apple.product-type.application";
		};
/* End PBXNativeTarget section */

/* Begin PBXProject section */
		089A0C7D1E5B3898009A94EE /* Project object */ = {
			isa = PBXProject;
			attributes = {
				LastSwiftUpdateCheck = 0800;
				LastUpgradeCheck = 0800;
				ORGANIZATIONNAME = "Mario Vizcaino";
				TargetAttributes = {
					089A0C841E5B3898009A94EE = {
						CreatedOnToolsVersion = 8.0;
						ProvisioningStyle = Automatic;
					};
				};
			};
			buildConfigurationList = 089A0C801E5B3898009A94EE /* Build configuration list for PBXProject "grability" */;
			compatibilityVersion = "Xcode 3.2";
			developmentRegion = English;
			hasScannedForEncodings = 0;
			knownRegions = (
				en,
				Base,
			);
			mainGroup = 089A0C7C1E5B3898009A94EE;
			productRefGroup = 089A0C861E5B3898009A94EE /* Products */;
			projectDirPath = "";
			projectRoot = "";
			targets = (
				089A0C841E5B3898009A94EE /* grability */,
			);
		};
/* End PBXProject section */

/* Begin PBXResourcesBuildPhase section */
		089A0C831E5B3898009A94EE /* Resources */ = {
			isa = PBXResourcesBuildPhase;
			buildActionMask = 2147483647;
			files = (
				089A0CBE1E5B44C3009A94EE /* iPadCellVC.xib in Resources */,
				089A0C961E5B3898009A94EE /* LaunchScreen.storyboard in Resources */,
				089A0CCC1E5C9EE4009A94EE /* IpadCellCollectionViewCell.xib in Resources */,
				089A0CD01E5CBF9E009A94EE /* iPadDetailVC.xib in Resources */,
				089A0CB81E5B446C009A94EE /* iPhoneListVC.xib in Resources */,
				089A0C931E5B3898009A94EE /* Assets.xcassets in Resources */,
				089A0CD61E5D01C6009A94EE /* iPhoneTableViewCell.xib in Resources */,
				089A0CC21E5B4842009A94EE /* Default-568h@2x.png in Resources */,
			);
			runOnlyForDeploymentPostprocessing = 0;
		};
/* End PBXResourcesBuildPhase section */

/* Begin PBXShellScriptBuildPhase section */
		AD925D945ECD4BAA8334FBED /* [CP] Embed Pods Frameworks */ = {
			isa = PBXShellScriptBuildPhase;
			buildActionMask = 2147483647;
			files = (
			);
			inputPaths = (
			);
			name = "[CP] Embed Pods Frameworks";
			outputPaths = (
			);
			runOnlyForDeploymentPostprocessing = 0;
			shellPath = /bin/sh;
			shellScript = "\"${SRCROOT}/Pods/Target Support Files/Pods-grability/Pods-grability-frameworks.sh\"\n";
			showEnvVarsInLog = 0;
		};
		CD6B6A0BBA484CEC6D06C1DE /* [CP] Check Pods Manifest.lock */ = {
			isa = PBXShellScriptBuildPhase;
			buildActionMask = 2147483647;
			files = (
			);
			inputPaths = (
			);
			name = "[CP] Check Pods Manifest.lock";
			outputPaths = (
			);
			runOnlyForDeploymentPostprocessing = 0;
			shellPath = /bin/sh;
			shellScript = "diff \"${PODS_ROOT}/../Podfile.lock\" \"${PODS_ROOT}/Manifest.lock\" > /dev/null\nif [ $? != 0 ] ; then\n    # print error to STDERR\n    echo \"error: The sandbox is not in sync with the Podfile.lock. Run 'pod install' or update your CocoaPods installation.\" >&2\n    exit 1\nfi\n";
			showEnvVarsInLog = 0;
		};
		E5079CD528BEDD2B2736E5C1 /* [CP] Copy Pods Resources */ = {
			isa = PBXShellScriptBuildPhase;
			buildActionMask = 2147483647;
			files = (
			);
			inputPaths = (
			);
			name = "[CP] Copy Pods Resources";
			outputPaths = (
			);
			runOnlyForDeploymentPostprocessing = 0;
			shellPath = /bin/sh;
			shellScript = "\"${SRCROOT}/Pods/Target Support Files/Pods-grability/Pods-grability-resources.sh\"\n";
			showEnvVarsInLog = 0;
		};
/* End PBXShellScriptBuildPhase section */

/* Begin PBXSourcesBuildPhase section */
		089A0C811E5B3898009A94EE /* Sources */ = {
			isa = PBXSourcesBuildPhase;
			buildActionMask = 2147483647;
			files = (
				089A0CC61E5C948F009A94EE /* Reachability.swift in Sources */,
				089A0CC81E5C9554009A94EE /* generalMethods.swift in Sources */,
				089A0CC41E5B4EAE009A94EE /* Entry.swift in Sources */,
				089A0C911E5B3898009A94EE /* grability.xcdatamodeld in Sources */,
				089A0CBD1E5B44C3009A94EE /* iPadCellVC.swift in Sources */,
				089A0CCF1E5CBF9E009A94EE /* iPadDetailVC.swift in Sources */,
				089A0CD51E5D01C6009A94EE /* iPhoneTableViewCell.swift in Sources */,
				089A0CB71E5B446C009A94EE /* iPhoneListVC.swift in Sources */,
				089A0CC01E5B482B009A94EE /* FeedData.swift in Sources */,
				089A0CCB1E5C9EE4009A94EE /* IpadCellCollectionViewCell.swift in Sources */,
				089A0C891E5B3898009A94EE /* AppDelegate.swift in Sources */,
			);
			runOnlyForDeploymentPostprocessing = 0;
		};
/* End PBXSourcesBuildPhase section */

/* Begin PBXVariantGroup section */
		089A0C941E5B3898009A94EE /* LaunchScreen.storyboard */ = {
			isa = PBXVariantGroup;
			children = (
				089A0C951E5B3898009A94EE /* Base */,
			);
			name = LaunchScreen.storyboard;
			sourceTree = "<group>";
		};
/* End PBXVariantGroup section */

/* Begin XCBuildConfiguration section */
		089A0C981E5B3898009A94EE /* Debug */ = {
			isa = XCBuildConfiguration;
			buildSettings = {
				ALWAYS_SEARCH_USER_PATHS = NO;
				CLANG_ANALYZER_NONNULL = YES;
				CLANG_CXX_LANGUAGE_STANDARD = "gnu++0x";
				CLANG_CXX_LIBRARY = "libc++";
				CLANG_ENABLE_MODULES = YES;
				CLANG_ENABLE_OBJC_ARC = YES;
				CLANG_WARN_BOOL_CONVERSION = YES;
				CLANG_WARN_CONSTANT_CONVERSION = YES;
				CLANG_WARN_DIRECT_OBJC_ISA_USAGE = YES_ERROR;
				CLANG_WARN_DOCUMENTATION_COMMENTS = YES;
				CLANG_WARN_EMPTY_BODY = YES;
				CLANG_WARN_ENUM_CONVERSION = YES;
				CLANG_WARN_INFINITE_RECURSION = YES;
				CLANG_WARN_INT_CONVERSION = YES;
				CLANG_WARN_OBJC_ROOT_CLASS = YES_ERROR;
				CLANG_WARN_SUSPICIOUS_MOVE = YES;
				CLANG_WARN_SUSPICIOUS_MOVES = YES;
				CLANG_WARN_UNREACHABLE_CODE = YES;
				CLANG_WARN__DUPLICATE_METHOD_MATCH = YES;
				"CODE_SIGN_IDENTITY[sdk=iphoneos*]" = "iPhone Developer";
				COPY_PHASE_STRIP = NO;
				DEBUG_INFORMATION_FORMAT = dwarf;
				ENABLE_STRICT_OBJC_MSGSEND = YES;
				ENABLE_TESTABILITY = YES;
				GCC_C_LANGUAGE_STANDARD = gnu99;
				GCC_DYNAMIC_NO_PIC = NO;
				GCC_NO_COMMON_BLOCKS = YES;
				GCC_OPTIMIZATION_LEVEL = 0;
				GCC_PREPROCESSOR_DEFINITIONS = (
					"DEBUG=1",
					"$(inherited)",
				);
				GCC_WARN_64_TO_32_BIT_CONVERSION = YES;
				GCC_WARN_ABOUT_RETURN_TYPE = YES_ERROR;
				GCC_WARN_UNDECLARED_SELECTOR = YES;
				GCC_WARN_UNINITIALIZED_AUTOS = YES_AGGRESSIVE;
				GCC_WARN_UNUSED_FUNCTION = YES;
				GCC_WARN_UNUSED_VARIABLE = YES;
				IPHONEOS_DEPLOYMENT_TARGET = 10.0;
				MTL_ENABLE_DEBUG_INFO = YES;
				ONLY_ACTIVE_ARCH = YES;
				SDKROOT = iphoneos;
				SWIFT_ACTIVE_COMPILATION_CONDITIONS = DEBUG;
				SWIFT_OPTIMIZATION_LEVEL = "-Onone";
				TARGETED_DEVICE_FAMILY = "1,2";
			};
			name = Debug;
		};
		089A0C991E5B3898009A94EE /* Release */ = {
			isa = XCBuildConfiguration;
			buildSettings = {
				ALWAYS_SEARCH_USER_PATHS = NO;
				CLANG_ANALYZER_NONNULL = YES;
				CLANG_CXX_LANGUAGE_STANDARD = "gnu++0x";
				CLANG_CXX_LIBRARY = "libc++";
				CLANG_ENABLE_MODULES = YES;
				CLANG_ENABLE_OBJC_ARC = YES;
				CLANG_WARN_BOOL_CONVERSION = YES;
				CLANG_WARN_CONSTANT_CONVERSION = YES;
				CLANG_WARN_DIRECT_OBJC_ISA_USAGE = YES_ERROR;
				CLANG_WARN_DOCUMENTATION_COMMENTS = YES;
				CLANG_WARN_EMPTY_BODY = YES;
				CLANG_WARN_ENUM_CONVERSION = YES;
				CLANG_WARN_INFINITE_RECURSION = YES;
				CLANG_WARN_INT_CONVERSION = YES;
				CLANG_WARN_OBJC_ROOT_CLASS = YES_ERROR;
				CLANG_WARN_SUSPICIOUS_MOVE = YES;
				CLANG_WARN_SUSPICIOUS_MOVES = YES;
				CLANG_WARN_UNREACHABLE_CODE = YES;
				CLANG_WARN__DUPLICATE_METHOD_MATCH = YES;
				"CODE_SIGN_IDENTITY[sdk=iphoneos*]" = "iPhone Developer";
				COPY_PHASE_STRIP = NO;
				DEBUG_INFORMATION_FORMAT = "dwarf-with-dsym";
				ENABLE_NS_ASSERTIONS = NO;
				ENABLE_STRICT_OBJC_MSGSEND = YES;
				GCC_C_LANGUAGE_STANDARD = gnu99;
				GCC_NO_COMMON_BLOCKS = YES;
				GCC_WARN_64_TO_32_BIT_CONVERSION = YES;
				GCC_WARN_ABOUT_RETURN_TYPE = YES_ERROR;
				GCC_WARN_UNDECLARED_SELECTOR = YES;
				GCC_WARN_UNINITIALIZED_AUTOS = YES_AGGRESSIVE;
				GCC_WARN_UNUSED_FUNCTION = YES;
				GCC_WARN_UNUSED_VARIABLE = YES;
				IPHONEOS_DEPLOYMENT_TARGET = 10.0;
				MTL_ENABLE_DEBUG_INFO = NO;
				SDKROOT = iphoneos;
				SWIFT_OPTIMIZATION_LEVEL = "-Owholemodule";
				TARGETED_DEVICE_FAMILY = "1,2";
				VALIDATE_PRODUCT = YES;
			};
			name = Release;
		};
		089A0C9B1E5B3898009A94EE /* Debug */ = {
			isa = XCBuildConfiguration;
			baseConfigurationReference = 2D6AEEF9E6E62025D6AAEF51 /* Pods-grability.debug.xcconfig */;
			buildSettings = {
				ASSETCATALOG_COMPILER_APPICON_NAME = AppIcon;
				INFOPLIST_FILE = grability/Info.plist;
				IPHONEOS_DEPLOYMENT_TARGET = 8.0;
				LD_RUNPATH_SEARCH_PATHS = "$(inherited) @executable_path/Frameworks";
				PRODUCT_BUNDLE_IDENTIFIER = mariovzc.grability;
				PRODUCT_NAME = "$(TARGET_NAME)";
				SWIFT_VERSION = 3.0;
			};
			name = Debug;
		};
		089A0C9C1E5B3898009A94EE /* Release */ = {
			isa = XCBuildConfiguration;
			baseConfigurationReference = CE82F75C798FD6DD3B3A61A3 /* Pods-grability.release.xcconfig */;
			buildSettings = {
				ASSETCATALOG_COMPILER_APPICON_NAME = AppIcon;
				INFOPLIST_FILE = grability/Info.plist;
				IPHONEOS_DEPLOYMENT_TARGET = 8.0;
				LD_RUNPATH_SEARCH_PATHS = "$(inherited) @executable_path/Frameworks";
				PRODUCT_BUNDLE_IDENTIFIER = mariovzc.grability;
				PRODUCT_NAME = "$(TARGET_NAME)";
				SWIFT_VERSION = 3.0;
			};
			name = Release;
		};
/* End XCBuildConfiguration section */

/* Begin XCConfigurationList section */
		089A0C801E5B3898009A94EE /* Build configuration list for PBXProject "grability" */ = {
			isa = XCConfigurationList;
			buildConfigurations = (
				089A0C981E5B3898009A94EE /* Debug */,
				089A0C991E5B3898009A94EE /* Release */,
			);
			defaultConfigurationIsVisible = 0;
			defaultConfigurationName = Release;
		};
		089A0C9A1E5B3898009A94EE /* Build configuration list for PBXNativeTarget "grability" */ = {
			isa = XCConfigurationList;
			buildConfigurations = (
				089A0C9B1E5B3898009A94EE /* Debug */,
				089A0C9C1E5B3898009A94EE /* Release */,
			);
			defaultConfigurationIsVisible = 0;
			defaultConfigurationName = Release;
		};
/* End XCConfigurationList section */

/* Begin XCVersionGroup section */
		089A0C8F1E5B3898009A94EE /* grability.xcdatamodeld */ = {
			isa = XCVersionGroup;
			children = (
				089A0C901E5B3898009A94EE /* grability.xcdatamodel */,
			);
			currentVersion = 089A0C901E5B3898009A94EE /* grability.xcdatamodel */;
			path = grability.xcdatamodeld;
			sourceTree = "<group>";
			versionGroupType = wrapper.xcdatamodel;
		};
/* End XCVersionGroup section */
	};
	rootObject = 089A0C7D1E5B3898009A94EE /* Project object */;
}
