PODS:
  - Alamofire (4.3.0)
  - ElasticTransition (3.1.1):
    - MotionAnimation (~> 0.1.2)
  - MotionAnimation (0.1.2)
  - SwiftyJSON (3.1.4)

DEPENDENCIES:
  - Alamofire (from `https://github.com/Alamofire/Alamofire.git`, branch `master`)
  - ElasticTransition
  - SwiftyJSON

EXTERNAL SOURCES:
  Alamofire:
    :branch: master
    :git: https://github.com/Alamofire/Alamofire.git

CHECKOUT OPTIONS:
  Alamofire:
    :commit: fa3c6d09b603f417c7788adb51ca0cade75b3d67
    :git: https://github.com/Alamofire/Alamofire.git

SPEC CHECKSUMS:
  Alamofire: 1f72088aff8f6b40828dadd61be2e9a31beca01e
  ElasticTransition: 6c4e4739e32480c864217db912100f3657f6447a
  MotionAnimation: ff5c8fc2e429d7e10d46ae86819ba9759846c343
  SwiftyJSON: c2842d878f95482ffceec5709abc3d05680c0220

PODFILE CHECKSUM: 2917f5a8016d176dc483bb41e77f0612462f421b

COCOAPODS: 1.2.0
